# This file is automatically @generated by Cargo.
# It is not intended for manual editing.
version = 3

[[package]]
name = "adler"
version = "1.0.2"
source = "registry+https://github.com/rust-lang/crates.io-index"
checksum = "f26201604c87b1e01bd3d98f8d5d9a8fcbb815e8cedb41ffccbeb4bf593a35fe"

[[package]]
name = "buffer-redux"
version = "1.0.1"
source = "registry+https://github.com/rust-lang/crates.io-index"
checksum = "4c9f8ddd22e0a12391d1e7ada69ec3b0da1914f1cec39c5cf977143c5b2854f5"
dependencies = [
 "memchr",
]

[[package]]
name = "bytecount"
version = "0.6.8"
source = "registry+https://github.com/rust-lang/crates.io-index"
checksum = "5ce89b21cab1437276d2650d57e971f9d548a2d9037cc231abdc0562b97498ce"

[[package]]
name = "bzip2"
version = "0.4.4"
source = "registry+https://github.com/rust-lang/crates.io-index"
checksum = "bdb116a6ef3f6c3698828873ad02c3014b3c85cadb88496095628e3ef1e347f8"
dependencies = [
 "bzip2-sys",
 "libc",
]

[[package]]
name = "bzip2-sys"
version = "0.1.11+1.0.8"
source = "registry+https://github.com/rust-lang/crates.io-index"
checksum = "736a955f3fa7875102d57c82b8cac37ec45224a07fd32d58f9f7a186b6cd4cdc"
dependencies = [
 "cc",
 "libc",
 "pkg-config",
]

[[package]]
name = "cc"
version = "1.0.97"
source = "registry+https://github.com/rust-lang/crates.io-index"
checksum = "099a5357d84c4c61eb35fc8eafa9a79a902c2f76911e5747ced4e032edd8d9b4"

[[package]]
name = "cfg-if"
version = "1.0.0"
source = "registry+https://github.com/rust-lang/crates.io-index"
checksum = "baf1de4339761588bc0619e3cbc0120ee582ebb74b53b4efbf79117bd2da40fd"

[[package]]
name = "crc32fast"
version = "1.4.0"
source = "registry+https://github.com/rust-lang/crates.io-index"
checksum = "b3855a8a784b474f333699ef2bbca9db2c4a1f6d9088a90a2d25b1eb53111eaa"
dependencies = [
 "cfg-if",
]

[[package]]
name = "crossbeam-channel"
version = "0.5.13"
source = "registry+https://github.com/rust-lang/crates.io-index"
checksum = "33480d6946193aa8033910124896ca395333cae7e2d1113d1fef6c3272217df2"
dependencies = [
 "crossbeam-utils",
]

[[package]]
name = "crossbeam-deque"
version = "0.8.5"
source = "registry+https://github.com/rust-lang/crates.io-index"
checksum = "613f8cc01fe9cf1a3eb3d7f488fd2fa8388403e97039e2f73692932e291a770d"
dependencies = [
 "crossbeam-epoch",
 "crossbeam-utils",
]

[[package]]
name = "crossbeam-epoch"
version = "0.9.18"
source = "registry+https://github.com/rust-lang/crates.io-index"
checksum = "5b82ac4a3c2ca9c3460964f020e1402edd5753411d7737aa39c3714ad1b5420e"
dependencies = [
 "crossbeam-utils",
]

[[package]]
name = "crossbeam-utils"
version = "0.8.19"
source = "registry+https://github.com/rust-lang/crates.io-index"
checksum = "248e3bacc7dc6baa3b21e405ee045c3047101a49145e7e9eca583ab4c2ca5345"

[[package]]
name = "either"
version = "1.12.0"
source = "registry+https://github.com/rust-lang/crates.io-index"
checksum = "3dca9240753cf90908d7e4aac30f630662b02aebaa1b58a3cadabdb23385b58b"

[[package]]
name = "flate2"
version = "1.0.30"
source = "registry+https://github.com/rust-lang/crates.io-index"
checksum = "5f54427cfd1c7829e2a139fcefea601bf088ebca651d2bf53ebc600eac295dae"
dependencies = [
 "crc32fast",
 "miniz_oxide",
]

[[package]]
name = "hermit-abi"
version = "0.3.9"
source = "registry+https://github.com/rust-lang/crates.io-index"
checksum = "d231dfb89cfffdbc30e7fc41579ed6066ad03abda9e567ccafae602b97ec5024"

[[package]]
name = "libc"
version = "0.2.155"
source = "registry+https://github.com/rust-lang/crates.io-index"
checksum = "97b3888a4aecf77e811145cadf6eef5901f4782c53886191b2f693f24761847c"

[[package]]
name = "libz-sys"
version = "1.1.16"
source = "registry+https://github.com/rust-lang/crates.io-index"
checksum = "5e143b5e666b2695d28f6bca6497720813f699c9602dd7f5cac91008b8ada7f9"
dependencies = [
 "cc",
 "libc",
 "pkg-config",
 "vcpkg",
]

[[package]]
name = "lzma-sys"
version = "0.1.20"
source = "registry+https://github.com/rust-lang/crates.io-index"
checksum = "5fda04ab3764e6cde78b9974eec4f779acaba7c4e84b36eca3cf77c581b85d27"
dependencies = [
 "cc",
 "libc",
 "pkg-config",
]

[[package]]
name = "memchr"
version = "2.7.2"
source = "registry+https://github.com/rust-lang/crates.io-index"
checksum = "6c8640c5d730cb13ebd907d8d04b52f55ac9a2eec55b440c8892f40d56c76c1d"

[[package]]
name = "minimap2"
version = "0.1.18+minimap2.2.28"
source = "registry+https://github.com/rust-lang/crates.io-index"
checksum = "3d366b8d6fc980d86ab32a76fc454908362b0d28798fd489d0dba83e9a0d9ee6"
dependencies = [
 "libc",
 "minimap2-sys",
 "needletail",
 "simdutf8",
]

[[package]]
name = "minimap2-rs-test"
version = "0.1.0"
dependencies = [
 "crossbeam-channel",
 "minimap2",
 "needletail",
 "num_cpus",
 "rayon",
]

[[package]]
name = "minimap2-sys"
version = "0.1.19+minimap2.2.28"
source = "registry+https://github.com/rust-lang/crates.io-index"
checksum = "7b27cbfa7368abd87de720ae844d9aad28452fa5b415d8df629497b23c030ad6"
dependencies = [
 "cc",
 "libz-sys",
 "pkg-config",
]

[[package]]
name = "miniz_oxide"
version = "0.7.3"
source = "registry+https://github.com/rust-lang/crates.io-index"
checksum = "87dfd01fe195c66b572b37921ad8803d010623c0aca821bea2302239d155cdae"
dependencies = [
 "adler",
]

[[package]]
name = "needletail"
version = "0.5.1"
source = "registry+https://github.com/rust-lang/crates.io-index"
checksum = "db05a5ab397f64070d8c998fa0fbb84e484b81f95752af317dac183a82d9295d"
dependencies = [
 "buffer-redux",
 "bytecount",
 "bzip2",
 "flate2",
 "memchr",
 "xz2",
]

[[package]]
name = "num_cpus"
version = "1.16.0"
source = "registry+https://github.com/rust-lang/crates.io-index"
checksum = "4161fcb6d602d4d2081af7c3a45852d875a03dd337a6bfdd6e06407b61342a43"
dependencies = [
 "hermit-abi",
 "libc",
]

[[package]]
name = "pkg-config"
version = "0.3.30"
source = "registry+https://github.com/rust-lang/crates.io-index"
checksum = "d231b230927b5e4ad203db57bbcbee2802f6bce620b1e4a9024a07d94e2907ec"

[[package]]
name = "rayon"
version = "1.10.0"
source = "registry+https://github.com/rust-lang/crates.io-index"
checksum = "b418a60154510ca1a002a752ca9714984e21e4241e804d32555251faf8b78ffa"
dependencies = [
 "either",
 "rayon-core",
]

[[package]]
name = "rayon-core"
version = "1.12.1"
source = "registry+https://github.com/rust-lang/crates.io-index"
checksum = "1465873a3dfdaa8ae7cb14b4383657caab0b3e8a0aa9ae8e04b044854c8dfce2"
dependencies = [
 "crossbeam-deque",
 "crossbeam-utils",
]

[[package]]
name = "simdutf8"
version = "0.1.4"
source = "registry+https://github.com/rust-lang/crates.io-index"
checksum = "f27f6278552951f1f2b8cf9da965d10969b2efdea95a6ec47987ab46edfe263a"

[[package]]
name = "vcpkg"
version = "0.2.15"
source = "registry+https://github.com/rust-lang/crates.io-index"
checksum = "accd4ea62f7bb7a82fe23066fb0957d48ef677f6eeb8215f372f52e48bb32426"

[[package]]
name = "xz2"
version = "0.1.7"
source = "registry+https://github.com/rust-lang/crates.io-index"
checksum = "388c44dc09d76f1536602ead6d325eb532f5c122f17782bd57fb47baeeb767e2"
dependencies = [
 "lzma-sys",
]
